
Microsoft Visual Studio Solution File, Format Version 12.00
# Visual Studio Version 17
VisualStudioVersion = 17.4.33122.133
MinimumVisualStudioVersion = 10.0.40219.1
Project("{FAE04EC0-301F-11D3-BF4B-00C04F79EFBC}") = "UserRegistrationFormwithValidations", "UserRegistrationFormwithValidations\UserRegistrationFormwithValidations.csproj", "{37090B4A-E1AA-47A3-8AAB-7A5635289503}"
EndProject
Global
	GlobalSection(SolutionConfigurationPlatforms) = preSolution
		Debug|Any CPU = Debug|Any CPU
		Release|Any CPU = Release|Any CPU
	EndGlobalSection
	GlobalSection(ProjectConfigurationPlatforms) = postSolution
		{37090B4A-E1AA-47A3-8AAB-7A5635289503}.Debug|Any CPU.ActiveCfg = Debug|Any CPU
		{37090B4A-E1AA-47A3-8AAB-7A5635289503}.Debug|Any CPU.Build.0 = Debug|Any CPU
		{37090B4A-E1AA-47A3-8AAB-7A5635289503}.Release|Any CPU.ActiveCfg = Release|Any CPU
		{37090B4A-E1AA-47A3-8AAB-7A5635289503}.Release|Any CPU.Build.0 = Release|Any CPU
	EndGlobalSection
	GlobalSection(SolutionProperties) = preSolution
		HideSolutionNode = FALSE
	EndGlobalSection
	GlobalSection(ExtensibilityGlobals) = postSolution
		SolutionGuid = {488CD59A-FE70-4AA8-86B9-F9148858C02E}
	EndGlobalSection
EndGlobal
